
Microsoft Visual Studio Solution File, Format Version 12.00
# Visual Studio Version 17
VisualStudioVersion = 17.11.35219.272
MinimumVisualStudioVersion = 10.0.40219.1
Project("{9A19103F-16F7-4668-BE54-9A1E7A4F7556}") = "StrategyPattern", "StrategyPattern\StrategyPattern.csproj", "{E959994D-E64E-49B5-B348-666109A36BD6}"
EndProject
Project("{9A19103F-16F7-4668-BE54-9A1E7A4F7556}") = "ObserverPattern", "ObserverPAttern\ObserverPattern.csproj", "{0FD84E65-4A06-498B-BA71-3718AC7D220A}"
EndProject
Project("{9A19103F-16F7-4668-BE54-9A1E7A4F7556}") = "DecoratorPattern", "DecoratorPattern\DecoratorPattern.csproj", "{3C3C0FB9-809F-4110-B58A-2D9823AA3602}"
EndProject
Project("{9A19103F-16F7-4668-BE54-9A1E7A4F7556}") = "SimpleFactoryPattern", "SimpleFactoryPattern\SimpleFactoryPattern.csproj", "{F64A9ED4-281A-48F7-90BE-E4338CE73251}"
EndProject
Project("{9A19103F-16F7-4668-BE54-9A1E7A4F7556}") = "FactoryMethodPattern", "FactoryMethodPattern\FactoryMethodPattern.csproj", "{66E14102-D239-45CE-B592-588364C6DB91}"
EndProject
Project("{9A19103F-16F7-4668-BE54-9A1E7A4F7556}") = "SingletonPattern", "SIngletonPattern\SingletonPattern.csproj", "{703ED6C5-9059-4788-B395-D952BDBCF548}"
EndProject
Project("{9A19103F-16F7-4668-BE54-9A1E7A4F7556}") = "CommandPattern", "CommandPattern\CommandPattern.csproj", "{C4207FB8-F522-4928-A381-4A9E8D69866F}"
EndProject
Project("{FAE04EC0-301F-11D3-BF4B-00C04F79EFBC}") = "AdapterPattern", "AdapterPattern\AdapterPattern.csproj", "{C4DFEFA9-3823-4972-B61B-D83CFB3E5FEC}"
EndProject
Project("{FAE04EC0-301F-11D3-BF4B-00C04F79EFBC}") = "FacadePattern", "FacadePattern\FacadePattern.csproj", "{2052592C-710D-4A56-964C-DA6AC24D1733}"
EndProject
Global
	GlobalSection(SolutionConfigurationPlatforms) = preSolution
		Debug|Any CPU = Debug|Any CPU
		Release|Any CPU = Release|Any CPU
	EndGlobalSection
	GlobalSection(ProjectConfigurationPlatforms) = postSolution
		{E959994D-E64E-49B5-B348-666109A36BD6}.Debug|Any CPU.ActiveCfg = Debug|Any CPU
		{E959994D-E64E-49B5-B348-666109A36BD6}.Debug|Any CPU.Build.0 = Debug|Any CPU
		{E959994D-E64E-49B5-B348-666109A36BD6}.Release|Any CPU.ActiveCfg = Release|Any CPU
		{E959994D-E64E-49B5-B348-666109A36BD6}.Release|Any CPU.Build.0 = Release|Any CPU
		{0FD84E65-4A06-498B-BA71-3718AC7D220A}.Debug|Any CPU.ActiveCfg = Debug|Any CPU
		{0FD84E65-4A06-498B-BA71-3718AC7D220A}.Debug|Any CPU.Build.0 = Debug|Any CPU
		{0FD84E65-4A06-498B-BA71-3718AC7D220A}.Release|Any CPU.ActiveCfg = Release|Any CPU
		{0FD84E65-4A06-498B-BA71-3718AC7D220A}.Release|Any CPU.Build.0 = Release|Any CPU
		{3C3C0FB9-809F-4110-B58A-2D9823AA3602}.Debug|Any CPU.ActiveCfg = Debug|Any CPU
		{3C3C0FB9-809F-4110-B58A-2D9823AA3602}.Debug|Any CPU.Build.0 = Debug|Any CPU
		{3C3C0FB9-809F-4110-B58A-2D9823AA3602}.Release|Any CPU.ActiveCfg = Release|Any CPU
		{3C3C0FB9-809F-4110-B58A-2D9823AA3602}.Release|Any CPU.Build.0 = Release|Any CPU
		{F64A9ED4-281A-48F7-90BE-E4338CE73251}.Debug|Any CPU.ActiveCfg = Debug|Any CPU
		{F64A9ED4-281A-48F7-90BE-E4338CE73251}.Debug|Any CPU.Build.0 = Debug|Any CPU
		{F64A9ED4-281A-48F7-90BE-E4338CE73251}.Release|Any CPU.ActiveCfg = Release|Any CPU
		{F64A9ED4-281A-48F7-90BE-E4338CE73251}.Release|Any CPU.Build.0 = Release|Any CPU
		{66E14102-D239-45CE-B592-588364C6DB91}.Debug|Any CPU.ActiveCfg = Debug|Any CPU
		{66E14102-D239-45CE-B592-588364C6DB91}.Debug|Any CPU.Build.0 = Debug|Any CPU
		{66E14102-D239-45CE-B592-588364C6DB91}.Release|Any CPU.ActiveCfg = Release|Any CPU
		{66E14102-D239-45CE-B592-588364C6DB91}.Release|Any CPU.Build.0 = Release|Any CPU
		{703ED6C5-9059-4788-B395-D952BDBCF548}.Debug|Any CPU.ActiveCfg = Debug|Any CPU
		{703ED6C5-9059-4788-B395-D952BDBCF548}.Debug|Any CPU.Build.0 = Debug|Any CPU
		{703ED6C5-9059-4788-B395-D952BDBCF548}.Release|Any CPU.ActiveCfg = Release|Any CPU
		{703ED6C5-9059-4788-B395-D952BDBCF548}.Release|Any CPU.Build.0 = Release|Any CPU
		{C4207FB8-F522-4928-A381-4A9E8D69866F}.Debug|Any CPU.ActiveCfg = Debug|Any CPU
		{C4207FB8-F522-4928-A381-4A9E8D69866F}.Debug|Any CPU.Build.0 = Debug|Any CPU
		{C4207FB8-F522-4928-A381-4A9E8D69866F}.Release|Any CPU.ActiveCfg = Release|Any CPU
		{C4207FB8-F522-4928-A381-4A9E8D69866F}.Release|Any CPU.Build.0 = Release|Any CPU
		{C4DFEFA9-3823-4972-B61B-D83CFB3E5FEC}.Debug|Any CPU.ActiveCfg = Debug|Any CPU
		{C4DFEFA9-3823-4972-B61B-D83CFB3E5FEC}.Debug|Any CPU.Build.0 = Debug|Any CPU
		{C4DFEFA9-3823-4972-B61B-D83CFB3E5FEC}.Release|Any CPU.ActiveCfg = Release|Any CPU
		{C4DFEFA9-3823-4972-B61B-D83CFB3E5FEC}.Release|Any CPU.Build.0 = Release|Any CPU
		{2052592C-710D-4A56-964C-DA6AC24D1733}.Debug|Any CPU.ActiveCfg = Debug|Any CPU
		{2052592C-710D-4A56-964C-DA6AC24D1733}.Debug|Any CPU.Build.0 = Debug|Any CPU
		{2052592C-710D-4A56-964C-DA6AC24D1733}.Release|Any CPU.ActiveCfg = Release|Any CPU
		{2052592C-710D-4A56-964C-DA6AC24D1733}.Release|Any CPU.Build.0 = Release|Any CPU
	EndGlobalSection
	GlobalSection(SolutionProperties) = preSolution
		HideSolutionNode = FALSE
	EndGlobalSection
	GlobalSection(ExtensibilityGlobals) = postSolution
		SolutionGuid = {DF2858B6-E5A0-450F-9F26-7F7DC96A7A18}
	EndGlobalSection
EndGlobal
